
Microsoft Visual Studio Solution File, Format Version 12.00
# Visual Studio Version 17
VisualStudioVersion = 17.8.34309.116
MinimumVisualStudioVersion = 10.0.40219.1
Project("{FAE04EC0-301F-11D3-BF4B-00C04F79EFBC}") = "Inventory", "Inventory\Inventory.csproj", "{10774DD1-CD5D-4801-8F53-7E1EFA80FDE0}"
EndProject
Project("{FAE04EC0-301F-11D3-BF4B-00C04F79EFBC}") = "Models", "Models\Models.csproj", "{7B018F22-B1CF-432C-9EB0-17063D3017B4}"
EndProject
Project("{FAE04EC0-301F-11D3-BF4B-00C04F79EFBC}") = "DAL", "DAL\DAL.csproj", "{D0A7DC40-83A0-468C-BD6E-1FF5529CBF3F}"
EndProject
Project("{FAE04EC0-301F-11D3-BF4B-00C04F79EFBC}") = "BL", "BL\BL.csproj", "{EFDFD3D0-DE18-4C53-8460-91333C8CB23F}"
EndProject
Project("{FAE04EC0-301F-11D3-BF4B-00C04F79EFBC}") = "Utilities", "Utilities\Utilities.csproj", "{4ED04246-D614-4449-B1AC-7FFA9F20E299}"
EndProject
Global
	GlobalSection(SolutionConfigurationPlatforms) = preSolution
		Debug|Any CPU = Debug|Any CPU
		Release|Any CPU = Release|Any CPU
	EndGlobalSection
	GlobalSection(ProjectConfigurationPlatforms) = postSolution
		{10774DD1-CD5D-4801-8F53-7E1EFA80FDE0}.Debug|Any CPU.ActiveCfg = Debug|Any CPU
		{10774DD1-CD5D-4801-8F53-7E1EFA80FDE0}.Debug|Any CPU.Build.0 = Debug|Any CPU
		{10774DD1-CD5D-4801-8F53-7E1EFA80FDE0}.Release|Any CPU.ActiveCfg = Release|Any CPU
		{10774DD1-CD5D-4801-8F53-7E1EFA80FDE0}.Release|Any CPU.Build.0 = Release|Any CPU
		{7B018F22-B1CF-432C-9EB0-17063D3017B4}.Debug|Any CPU.ActiveCfg = Debug|Any CPU
		{7B018F22-B1CF-432C-9EB0-17063D3017B4}.Debug|Any CPU.Build.0 = Debug|Any CPU
		{7B018F22-B1CF-432C-9EB0-17063D3017B4}.Release|Any CPU.ActiveCfg = Release|Any CPU
		{7B018F22-B1CF-432C-9EB0-17063D3017B4}.Release|Any CPU.Build.0 = Release|Any CPU
		{D0A7DC40-83A0-468C-BD6E-1FF5529CBF3F}.Debug|Any CPU.ActiveCfg = Debug|Any CPU
		{D0A7DC40-83A0-468C-BD6E-1FF5529CBF3F}.Debug|Any CPU.Build.0 = Debug|Any CPU
		{D0A7DC40-83A0-468C-BD6E-1FF5529CBF3F}.Release|Any CPU.ActiveCfg = Release|Any CPU
		{D0A7DC40-83A0-468C-BD6E-1FF5529CBF3F}.Release|Any CPU.Build.0 = Release|Any CPU
		{EFDFD3D0-DE18-4C53-8460-91333C8CB23F}.Debug|Any CPU.ActiveCfg = Debug|Any CPU
		{EFDFD3D0-DE18-4C53-8460-91333C8CB23F}.Debug|Any CPU.Build.0 = Debug|Any CPU
		{EFDFD3D0-DE18-4C53-8460-91333C8CB23F}.Release|Any CPU.ActiveCfg = Release|Any CPU
		{EFDFD3D0-DE18-4C53-8460-91333C8CB23F}.Release|Any CPU.Build.0 = Release|Any CPU
		{4ED04246-D614-4449-B1AC-7FFA9F20E299}.Debug|Any CPU.ActiveCfg = Debug|Any CPU
		{4ED04246-D614-4449-B1AC-7FFA9F20E299}.Debug|Any CPU.Build.0 = Debug|Any CPU
		{4ED04246-D614-4449-B1AC-7FFA9F20E299}.Release|Any CPU.ActiveCfg = Release|Any CPU
		{4ED04246-D614-4449-B1AC-7FFA9F20E299}.Release|Any CPU.Build.0 = Release|Any CPU
	EndGlobalSection
	GlobalSection(SolutionProperties) = preSolution
		HideSolutionNode = FALSE
	EndGlobalSection
	GlobalSection(ExtensibilityGlobals) = postSolution
		SolutionGuid = {37C2D4C1-2B97-4FE6-B203-9959C2718A4F}
	EndGlobalSection
EndGlobal
